<?xml version="1.0" encoding="utf-8"?>
<Project ToolsVersion="4.0" xmlns="http://schemas.microsoft.com/developer/msbuild/2003">
  <ItemGroup>
    <ClCompile Include="BrightnessOpenCL.cpp" />
    <ClCompile Include="BrightnessOpenMP.cpp" />
    <ClCompile Include="GrayscaleOpenMP.cpp" />
    <ClCompile Include="GrayscaleOpenCL.cpp" />
    <ClCompile Include="main.cpp" />
    <ClCompile Include="opencv.cpp" />
    <ClCompile Include="BenchmarkManager.cpp" />
  </ItemGroup>
  <ItemGroup>
    <ClInclude Include="BenchmarkManager.h" />
  </ItemGroup>
</Project>