<?xml version="1.0" encoding="utf-8"?>
<Project ToolsVersion="4.0" xmlns="http://schemas.microsoft.com/developer/msbuild/2003">
	<ItemGroup>
		<ClCompile Include="GrayscaleOpenMP.cpp">
			<Filter>Source Files</Filter>
		</ClCompile>
		<ClCompile Include="GrayscaleOpenCL.cpp">
			<Filter>Source Files</Filter>
		</ClCompile>
		<ClCompile Include="main.cpp">
			<Filter>Source Files</Filter>
		</ClCompile>
		<ClCompile Include="BrightnessOpenMP.cpp">
			<Filter>Source Files</Filter>
		</ClCompile>
		<ClCompile Include="BrightnessOpenCL.cpp">
			<Filter>Source Files</Filter>
		</ClCompile>
		<ClCompile Include="BelegAufgabe1.cpp">
			<Filter>Source Files</Filter>
		</ClCompile>
	</ItemGroup>
</Project>
